// !$*UTF8*$!
{
	archiveVersion = 1;
	classes = {
	};
	objectVersion = 46;
	objects = {

/* Begin PBXBuildFile section */
		31680E941BFBC4380034C47B /* ChecklistItem.m in Sources */ = {isa = PBXBuildFile; fileRef = 31680E931BFBC4380034C47B /* ChecklistItem.m */; };
		31BDCB281BFAE1C40053439A /* main.m in Sources */ = {isa = PBXBuildFile; fileRef = 31BDCB271BFAE1C40053439A /* main.m */; };
		31BDCB2B1BFAE1C40053439A /* AppDelegate.m in Sources */ = {isa = PBXBuildFile; fileRef = 31BDCB2A1BFAE1C40053439A /* AppDelegate.m */; };
		31BDCB2E1BFAE1C40053439A /* ChecklistViewController.m in Sources */ = {isa = PBXBuildFile; fileRef = 31BDCB2D1BFAE1C40053439A /* ChecklistViewController.m */; };
		31BDCB311BFAE1C40053439A /* Main.storyboard in Resources */ = {isa = PBXBuildFile; fileRef = 31BDCB2F1BFAE1C40053439A /* Main.storyboard */; };
		31BDCB331BFAE1C40053439A /* Assets.xcassets in Resources */ = {isa = PBXBuildFile; fileRef = 31BDCB321BFAE1C40053439A /* Assets.xcassets */; };
		31E127B81BFD67D5002198F7 /* AllListsViewController.m in Sources */ = {isa = PBXBuildFile; fileRef = 31E127B71BFD67D5002198F7 /* AllListsViewController.m */; };
		31E127BB1BFD6DD1002198F7 /* Checklist.m in Sources */ = {isa = PBXBuildFile; fileRef = 31E127BA1BFD6DD1002198F7 /* Checklist.m */; };
		31E127BE1BFD74C5002198F7 /* ListDetailViewController.m in Sources */ = {isa = PBXBuildFile; fileRef = 31E127BD1BFD74C5002198F7 /* ListDetailViewController.m */; };
		31E127C11BFE9C8F002198F7 /* DataModel.m in Sources */ = {isa = PBXBuildFile; fileRef = 31E127C01BFE9C8F002198F7 /* DataModel.m */; };
		31E70F0A1BFFD31000D94619 /* IconPickerViewController.m in Sources */ = {isa = PBXBuildFile; fileRef = 31E70F091BFFD31000D94619 /* IconPickerViewController.m */; };
		31F1C62D1BFBE60B00560B6D /* ItemDetailViewController.m in Sources */ = {isa = PBXBuildFile; fileRef = 31F1C62C1BFBE60B00560B6D /* ItemDetailViewController.m */; };
/* End PBXBuildFile section */

/* Begin PBXFileReference section */
		31680E921BFBC4380034C47B /* ChecklistItem.h */ = {isa = PBXFileReference; fileEncoding = 4; lastKnownFileType = sourcecode.c.h; name = ChecklistItem.h; path = ../ChecklistItem.h; sourceTree = "<group>"; };
		31680E931BFBC4380034C47B /* ChecklistItem.m */ = {isa = PBXFileReference; fileEncoding = 4; lastKnownFileType = sourcecode.c.objc; name = ChecklistItem.m; path = ../ChecklistItem.m; sourceTree = "<group>"; };
		31BDCB231BFAE1C40053439A /* ChecklistsII.app */ = {isa = PBXFileReference; explicitFileType = wrapper.application; includeInIndex = 0; path = ChecklistsII.app; sourceTree = BUILT_PRODUCTS_DIR; };
		31BDCB271BFAE1C40053439A /* main.m */ = {isa = PBXFileReference; lastKnownFileType = sourcecode.c.objc; path = main.m; sourceTree = "<group>"; };
		31BDCB291BFAE1C40053439A /* AppDelegate.h */ = {isa = PBXFileReference; lastKnownFileType = sourcecode.c.h; path = AppDelegate.h; sourceTree = "<group>"; };
		31BDCB2A1BFAE1C40053439A /* AppDelegate.m */ = {isa = PBXFileReference; lastKnownFileType = sourcecode.c.objc; path = AppDelegate.m; sourceTree = "<group>"; };
		31BDCB2C1BFAE1C40053439A /* ChecklistViewController.h */ = {isa = PBXFileReference; lastKnownFileType = sourcecode.c.h; path = ChecklistViewController.h; sourceTree = "<group>"; };
		31BDCB2D1BFAE1C40053439A /* ChecklistViewController.m */ = {isa = PBXFileReference; lastKnownFileType = sourcecode.c.objc; path = ChecklistViewController.m; sourceTree = "<group>"; };
		31BDCB301BFAE1C40053439A /* Base */ = {isa = PBXFileReference; lastKnownFileType = file.storyboard; name = Base; path = Base.lproj/Main.storyboard; sourceTree = "<group>"; };
		31BDCB321BFAE1C40053439A /* Assets.xcassets */ = {isa = PBXFileReference; lastKnownFileType = folder.assetcatalog; path = Assets.xcassets; sourceTree = "<group>"; };
		31BDCB371BFAE1C50053439A /* Info.plist */ = {isa = PBXFileReference; lastKnownFileType = text.plist.xml; path = Info.plist; sourceTree = "<group>"; };
		31E127B61BFD67D5002198F7 /* AllListsViewController.h */ = {isa = PBXFileReference; fileEncoding = 4; lastKnownFileType = sourcecode.c.h; path = AllListsViewController.h; sourceTree = "<group>"; };
		31E127B71BFD67D5002198F7 /* AllListsViewController.m */ = {isa = PBXFileReference; fileEncoding = 4; lastKnownFileType = sourcecode.c.objc; path = AllListsViewController.m; sourceTree = "<group>"; };
		31E127B91BFD6DD1002198F7 /* Checklist.h */ = {isa = PBXFileReference; fileEncoding = 4; lastKnownFileType = sourcecode.c.h; path = Checklist.h; sourceTree = "<group>"; };
		31E127BA1BFD6DD1002198F7 /* Checklist.m */ = {isa = PBXFileReference; fileEncoding = 4; lastKnownFileType = sourcecode.c.objc; path = Checklist.m; sourceTree = "<group>"; };
		31E127BC1BFD74C5002198F7 /* ListDetailViewController.h */ = {isa = PBXFileReference; fileEncoding = 4; lastKnownFileType = sourcecode.c.h; path = ListDetailViewController.h; sourceTree = "<group>"; };
		31E127BD1BFD74C5002198F7 /* ListDetailViewController.m */ = {isa = PBXFileReference; fileEncoding = 4; lastKnownFileType = sourcecode.c.objc; path = ListDetailViewController.m; sourceTree = "<group>"; };
		31E127BF1BFE9C8F002198F7 /* DataModel.h */ = {isa = PBXFileReference; fileEncoding = 4; lastKnownFileType = sourcecode.c.h; path = DataModel.h; sourceTree = "<group>"; };
		31E127C01BFE9C8F002198F7 /* DataModel.m */ = {isa = PBXFileReference; fileEncoding = 4; lastKnownFileType = sourcecode.c.objc; path = DataModel.m; sourceTree = "<group>"; };
		31E70F081BFFD31000D94619 /* IconPickerViewController.h */ = {isa = PBXFileReference; fileEncoding = 4; lastKnownFileType = sourcecode.c.h; path = IconPickerViewController.h; sourceTree = "<group>"; };
		31E70F091BFFD31000D94619 /* IconPickerViewController.m */ = {isa = PBXFileReference; fileEncoding = 4; lastKnownFileType = sourcecode.c.objc; path = IconPickerViewController.m; sourceTree = "<group>"; };
		31F1C62B1BFBE60B00560B6D /* ItemDetailViewController.h */ = {isa = PBXFileReference; fileEncoding = 4; lastKnownFileType = sourcecode.c.h; path = ItemDetailViewController.h; sourceTree = "<group>"; };
		31F1C62C1BFBE60B00560B6D /* ItemDetailViewController.m */ = {isa = PBXFileReference; fileEncoding = 4; lastKnownFileType = sourcecode.c.objc; path = ItemDetailViewController.m; sourceTree = "<group>"; };
/* End PBXFileReference section */

/* Begin PBXFrameworksBuildPhase section */
		31BDCB201BFAE1C40053439A /* Frameworks */ = {
			isa = PBXFrameworksBuildPhase;
			buildActionMask = 2147483647;
			files = (
			);
			runOnlyForDeploymentPostprocessing = 0;
		};
/* End PBXFrameworksBuildPhase section */

/* Begin PBXGroup section */
		31BDCB1A1BFAE1C30053439A = {
			isa = PBXGroup;
			children = (
				31BDCB251BFAE1C40053439A /* ChecklistsII */,
				31BDCB241BFAE1C40053439A /* Products */,
			);
			sourceTree = "<group>";
		};
		31BDCB241BFAE1C40053439A /* Products */ = {
			isa = PBXGroup;
			children = (
				31BDCB231BFAE1C40053439A /* ChecklistsII.app */,
			);
			name = Products;
			sourceTree = "<group>";
		};
		31BDCB251BFAE1C40053439A /* ChecklistsII */ = {
			isa = PBXGroup;
			children = (
				31BDCB291BFAE1C40053439A /* AppDelegate.h */,
				31BDCB2A1BFAE1C40053439A /* AppDelegate.m */,
				31E127BF1BFE9C8F002198F7 /* DataModel.h */,
				31E127C01BFE9C8F002198F7 /* DataModel.m */,
				31E127B91BFD6DD1002198F7 /* Checklist.h */,
				31E127BA1BFD6DD1002198F7 /* Checklist.m */,
				31680E921BFBC4380034C47B /* ChecklistItem.h */,
				31680E931BFBC4380034C47B /* ChecklistItem.m */,
				31BDCB2C1BFAE1C40053439A /* ChecklistViewController.h */,
				31BDCB2D1BFAE1C40053439A /* ChecklistViewController.m */,
				31F1C62B1BFBE60B00560B6D /* ItemDetailViewController.h */,
				31F1C62C1BFBE60B00560B6D /* ItemDetailViewController.m */,
				31E127B61BFD67D5002198F7 /* AllListsViewController.h */,
				31E127B71BFD67D5002198F7 /* AllListsViewController.m */,
				31E127BC1BFD74C5002198F7 /* ListDetailViewController.h */,
				31E127BD1BFD74C5002198F7 /* ListDetailViewController.m */,
				31E70F081BFFD31000D94619 /* IconPickerViewController.h */,
				31E70F091BFFD31000D94619 /* IconPickerViewController.m */,
				31BDCB2F1BFAE1C40053439A /* Main.storyboard */,
				31BDCB321BFAE1C40053439A /* Assets.xcassets */,
				31BDCB371BFAE1C50053439A /* Info.plist */,
				31BDCB261BFAE1C40053439A /* Supporting Files */,
			);
			path = ChecklistsII;
			sourceTree = "<group>";
		};
		31BDCB261BFAE1C40053439A /* Supporting Files */ = {
			isa = PBXGroup;
			children = (
				31BDCB271BFAE1C40053439A /* main.m */,
			);
			name = "Supporting Files";
			sourceTree = "<group>";
		};
/* End PBXGroup section */

/* Begin PBXNativeTarget section */
		31BDCB221BFAE1C40053439A /* ChecklistsII */ = {
			isa = PBXNativeTarget;
			buildConfigurationList = 31BDCB3A1BFAE1C50053439A /* Build configuration list for PBXNativeTarget "ChecklistsII" */;
			buildPhases = (
				31BDCB1F1BFAE1C40053439A /* Sources */,
				31BDCB201BFAE1C40053439A /* Frameworks */,
				31BDCB211BFAE1C40053439A /* Resources */,
			);
			buildRules = (
			);
			dependencies = (
			);
			name = ChecklistsII;
			productName = ChecklistsII;
			productReference = 31BDCB231BFAE1C40053439A /* ChecklistsII.app */;
			productType = "com.apple.product-type.application";
		};
/* End PBXNativeTarget section */

/* Begin PBXProject section */
		31BDCB1B1BFAE1C30053439A /* Project object */ = {
			isa = PBXProject;
			attributes = {
				LastUpgradeCheck = 0710;
				ORGANIZATIONNAME = "Eric Huang";
				TargetAttributes = {
					31BDCB221BFAE1C40053439A = {
						CreatedOnToolsVersion = 7.1.1;
					};
				};
			};
			buildConfigurationList = 31BDCB1E1BFAE1C30053439A /* Build configuration list for PBXProject "ChecklistsII" */;
			compatibilityVersion = "Xcode 3.2";
			developmentRegion = English;
			hasScannedForEncodings = 0;
			knownRegions = (
				en,
				Base,
			);
			mainGroup = 31BDCB1A1BFAE1C30053439A;
			productRefGroup = 31BDCB241BFAE1C40053439A /* Products */;
			projectDirPath = "";
			projectRoot = "";
			targets = (
				31BDCB221BFAE1C40053439A /* ChecklistsII */,
			);
		};
/* End PBXProject section */

/* Begin PBXResourcesBuildPhase section */
		31BDCB211BFAE1C40053439A /* Resources */ = {
			isa = PBXResourcesBuildPhase;
			buildActionMask = 2147483647;
			files = (
				31BDCB331BFAE1C40053439A /* Assets.xcassets in Resources */,
				31BDCB311BFAE1C40053439A /* Main.storyboard in Resources */,
			);
			runOnlyForDeploymentPostprocessing = 0;
		};
/* End PBXResourcesBuildPhase section */

/* Begin PBXSourcesBuildPhase section */
		31BDCB1F1BFAE1C40053439A /* Sources */ = {
			isa = PBXSourcesBuildPhase;
			buildActionMask = 2147483647;
			files = (
				31BDCB2E1BFAE1C40053439A /* ChecklistViewController.m in Sources */,
				31E70F0A1BFFD31000D94619 /* IconPickerViewController.m in Sources */,
				31BDCB2B1BFAE1C40053439A /* AppDelegate.m in Sources */,
				31E127C11BFE9C8F002198F7 /* DataModel.m in Sources */,
				31E127B81BFD67D5002198F7 /* AllListsViewController.m in Sources */,
				31E127BE1BFD74C5002198F7 /* ListDetailViewController.m in Sources */,
				31BDCB281BFAE1C40053439A /* main.m in Sources */,
				31F1C62D1BFBE60B00560B6D /* ItemDetailViewController.m in Sources */,
				31680E941BFBC4380034C47B /* ChecklistItem.m in Sources */,
				31E127BB1BFD6DD1002198F7 /* Checklist.m in Sources */,
			);
			runOnlyForDeploymentPostprocessing = 0;
		};
/* End PBXSourcesBuildPhase section */

/* Begin PBXVariantGroup section */
		31BDCB2F1BFAE1C40053439A /* Main.storyboard */ = {
			isa = PBXVariantGroup;
			children = (
				31BDCB301BFAE1C40053439A /* Base */,
			);
			name = Main.storyboard;
			sourceTree = "<group>";
		};
/* End PBXVariantGroup section */

/* Begin XCBuildConfiguration section */
		31BDCB381BFAE1C50053439A /* Debug */ = {
			isa = XCBuildConfiguration;
			buildSettings = {
				ALWAYS_SEARCH_USER_PATHS = NO;
				CLANG_CXX_LANGUAGE_STANDARD = "gnu++0x";
				CLANG_CXX_LIBRARY = "libc++";
				CLANG_ENABLE_MODULES = YES;
				CLANG_ENABLE_OBJC_ARC = YES;
				CLANG_WARN_BOOL_CONVERSION = YES;
				CLANG_WARN_CONSTANT_CONVERSION = YES;
				CLANG_WARN_DIRECT_OBJC_ISA_USAGE = YES_ERROR;
				CLANG_WARN_EMPTY_BODY = YES;
				CLANG_WARN_ENUM_CONVERSION = YES;
				CLANG_WARN_INT_CONVERSION = YES;
				CLANG_WARN_OBJC_ROOT_CLASS = YES_ERROR;
				CLANG_WARN_UNREACHABLE_CODE = YES;
				CLANG_WARN__DUPLICATE_METHOD_MATCH = YES;
				"CODE_SIGN_IDENTITY[sdk=iphoneos*]" = "iPhone Developer";
				COPY_PHASE_STRIP = NO;
				DEBUG_INFORMATION_FORMAT = dwarf;
				ENABLE_STRICT_OBJC_MSGSEND = YES;
				ENABLE_TESTABILITY = YES;
				GCC_C_LANGUAGE_STANDARD = gnu99;
				GCC_DYNAMIC_NO_PIC = NO;
				GCC_NO_COMMON_BLOCKS = YES;
				GCC_OPTIMIZATION_LEVEL = 0;
				GCC_PREPROCESSOR_DEFINITIONS = (
					"DEBUG=1",
					"$(inherited)",
				);
				GCC_WARN_64_TO_32_BIT_CONVERSION = YES;
				GCC_WARN_ABOUT_RETURN_TYPE = YES_ERROR;
				GCC_WARN_UNDECLARED_SELECTOR = YES;
				GCC_WARN_UNINITIALIZED_AUTOS = YES_AGGRESSIVE;
				GCC_WARN_UNUSED_FUNCTION = YES;
				GCC_WARN_UNUSED_VARIABLE = YES;
				IPHONEOS_DEPLOYMENT_TARGET = 9.1;
				MTL_ENABLE_DEBUG_INFO = YES;
				ONLY_ACTIVE_ARCH = YES;
				SDKROOT = iphoneos;
			};
			name = Debug;
		};
		31BDCB391BFAE1C50053439A /* Release */ = {
			isa = XCBuildConfiguration;
			buildSettings = {
				ALWAYS_SEARCH_USER_PATHS = NO;
				CLANG_CXX_LANGUAGE_STANDARD = "gnu++0x";
				CLANG_CXX_LIBRARY = "libc++";
				CLANG_ENABLE_MODULES = YES;
				CLANG_ENABLE_OBJC_ARC = YES;
				CLANG_WARN_BOOL_CONVERSION = YES;
				CLANG_WARN_CONSTANT_CONVERSION = YES;
				CLANG_WARN_DIRECT_OBJC_ISA_USAGE = YES_ERROR;
				CLANG_WARN_EMPTY_BODY = YES;
				CLANG_WARN_ENUM_CONVERSION = YES;
				CLANG_WARN_INT_CONVERSION = YES;
				CLANG_WARN_OBJC_ROOT_CLASS = YES_ERROR;
				CLANG_WARN_UNREACHABLE_CODE = YES;
				CLANG_WARN__DUPLICATE_METHOD_MATCH = YES;
				"CODE_SIGN_IDENTITY[sdk=iphoneos*]" = "iPhone Developer";
				COPY_PHASE_STRIP = NO;
				DEBUG_INFORMATION_FORMAT = "dwarf-with-dsym";
				ENABLE_NS_ASSERTIONS = NO;
				ENABLE_STRICT_OBJC_MSGSEND = YES;
				GCC_C_LANGUAGE_STANDARD = gnu99;
				GCC_NO_COMMON_BLOCKS = YES;
				GCC_WARN_64_TO_32_BIT_CONVERSION = YES;
				GCC_WARN_ABOUT_RETURN_TYPE = YES_ERROR;
				GCC_WARN_UNDECLARED_SELECTOR = YES;
				GCC_WARN_UNINITIALIZED_AUTOS = YES_AGGRESSIVE;
				GCC_WARN_UNUSED_FUNCTION = YES;
				GCC_WARN_UNUSED_VARIABLE = YES;
				IPHONEOS_DEPLOYMENT_TARGET = 9.1;
				MTL_ENABLE_DEBUG_INFO = NO;
				SDKROOT = iphoneos;
				VALIDATE_PRODUCT = YES;
			};
			name = Release;
		};
		31BDCB3B1BFAE1C50053439A /* Debug */ = {
			isa = XCBuildConfiguration;
			buildSettings = {
				ASSETCATALOG_COMPILER_APPICON_NAME = AppIcon;
				INFOPLIST_FILE = ChecklistsII/Info.plist;
				LD_RUNPATH_SEARCH_PATHS = "$(inherited) @executable_path/Frameworks";
				PRODUCT_BUNDLE_IDENTIFIER = com.EricHuang.IOSLearning.www.ChecklistsII;
				PRODUCT_NAME = "$(TARGET_NAME)";
			};
			name = Debug;
		};
		31BDCB3C1BFAE1C50053439A /* Release */ = {
			isa = XCBuildConfiguration;
			buildSettings = {
				ASSETCATALOG_COMPILER_APPICON_NAME = AppIcon;
				INFOPLIST_FILE = ChecklistsII/Info.plist;
				LD_RUNPATH_SEARCH_PATHS = "$(inherited) @executable_path/Frameworks";
				PRODUCT_BUNDLE_IDENTIFIER = com.EricHuang.IOSLearning.www.ChecklistsII;
				PRODUCT_NAME = "$(TARGET_NAME)";
			};
			name = Release;
		};
/* End XCBuildConfiguration section */

/* Begin XCConfigurationList section */
		31BDCB1E1BFAE1C30053439A /* Build configuration list for PBXProject "ChecklistsII" */ = {
			isa = XCConfigurationList;
			buildConfigurations = (
				31BDCB381BFAE1C50053439A /* Debug */,
				31BDCB391BFAE1C50053439A /* Release */,
			);
			defaultConfigurationIsVisible = 0;
			defaultConfigurationName = Release;
		};
		31BDCB3A1BFAE1C50053439A /* Build configuration list for PBXNativeTarget "ChecklistsII" */ = {
			isa = XCConfigurationList;
			buildConfigurations = (
				31BDCB3B1BFAE1C50053439A /* Debug */,
				31BDCB3C1BFAE1C50053439A /* Release */,
			);
			defaultConfigurationIsVisible = 0;
			defaultConfigurationName = Release;
		};
/* End XCConfigurationList section */
	};
	rootObject = 31BDCB1B1BFAE1C30053439A /* Project object */;
}
