// !$*UTF8*$!
{
	archiveVersion = 1;
	classes = {
	};
	objectVersion = 46;
	objects = {

/* Begin PBXBuildFile section */
		A20DF2401BFAD6E100515C76 /* AppDelegate.swift in Sources */ = {isa = PBXBuildFile; fileRef = A20DF23F1BFAD6E100515C76 /* AppDelegate.swift */; };
		A20DF2421BFAD6E100515C76 /* ChecklistViewController.swift in Sources */ = {isa = PBXBuildFile; fileRef = A20DF2411BFAD6E100515C76 /* ChecklistViewController.swift */; };
		A20DF2541BFB082C00515C76 /* ChecklistItem.swift in Sources */ = {isa = PBXBuildFile; fileRef = A20DF2531BFB082C00515C76 /* ChecklistItem.swift */; };
		A20DF2581BFC258500515C76 /* ItemDetailViewController.swift in Sources */ = {isa = PBXBuildFile; fileRef = A20DF2571BFC258500515C76 /* ItemDetailViewController.swift */; };
		A20DF25A1BFD46C400515C76 /* AllListsViewController.swift in Sources */ = {isa = PBXBuildFile; fileRef = A20DF2591BFD46C400515C76 /* AllListsViewController.swift */; };
		A20DF25C1BFD4FFE00515C76 /* Checklist.swift in Sources */ = {isa = PBXBuildFile; fileRef = A20DF25B1BFD4FFE00515C76 /* Checklist.swift */; };
		A20DF25E1BFD59D200515C76 /* ListDetailViewController.swift in Sources */ = {isa = PBXBuildFile; fileRef = A20DF25D1BFD59D200515C76 /* ListDetailViewController.swift */; };
		A20DF2621BFD870600515C76 /* Assets.xcassets in Resources */ = {isa = PBXBuildFile; fileRef = A20DF2611BFD870600515C76 /* Assets.xcassets */; };
		A20DF2641BFDC66000515C76 /* DataModel.swift in Sources */ = {isa = PBXBuildFile; fileRef = A20DF2631BFDC66000515C76 /* DataModel.swift */; };
		A20DF2661BFEE7A100515C76 /* IconPickerViewController.swift in Sources */ = {isa = PBXBuildFile; fileRef = A20DF2651BFEE7A100515C76 /* IconPickerViewController.swift */; };
		A20DF26A1C003A0E00515C76 /* Main.storyboard in Resources */ = {isa = PBXBuildFile; fileRef = A20DF2691C003A0E00515C76 /* Main.storyboard */; };
/* End PBXBuildFile section */

/* Begin PBXFileReference section */
		A20DF23C1BFAD6E100515C76 /* TechbbowA2CheckLists.app */ = {isa = PBXFileReference; explicitFileType = wrapper.application; includeInIndex = 0; path = TechbbowA2CheckLists.app; sourceTree = BUILT_PRODUCTS_DIR; };
		A20DF23F1BFAD6E100515C76 /* AppDelegate.swift */ = {isa = PBXFileReference; lastKnownFileType = sourcecode.swift; path = AppDelegate.swift; sourceTree = "<group>"; };
		A20DF2411BFAD6E100515C76 /* ChecklistViewController.swift */ = {isa = PBXFileReference; lastKnownFileType = sourcecode.swift; lineEnding = 0; path = ChecklistViewController.swift; sourceTree = "<group>"; xcLanguageSpecificationIdentifier = xcode.lang.swift; };
		A20DF24B1BFAD6E100515C76 /* Info.plist */ = {isa = PBXFileReference; lastKnownFileType = text.plist.xml; path = Info.plist; sourceTree = "<group>"; };
		A20DF2531BFB082C00515C76 /* ChecklistItem.swift */ = {isa = PBXFileReference; fileEncoding = 4; lastKnownFileType = sourcecode.swift; path = ChecklistItem.swift; sourceTree = "<group>"; };
		A20DF2571BFC258500515C76 /* ItemDetailViewController.swift */ = {isa = PBXFileReference; fileEncoding = 4; lastKnownFileType = sourcecode.swift; lineEnding = 0; path = ItemDetailViewController.swift; sourceTree = "<group>"; xcLanguageSpecificationIdentifier = xcode.lang.swift; };
		A20DF2591BFD46C400515C76 /* AllListsViewController.swift */ = {isa = PBXFileReference; fileEncoding = 4; lastKnownFileType = sourcecode.swift; path = AllListsViewController.swift; sourceTree = "<group>"; };
		A20DF25B1BFD4FFE00515C76 /* Checklist.swift */ = {isa = PBXFileReference; fileEncoding = 4; lastKnownFileType = sourcecode.swift; name = Checklist.swift; path = ../Checklist.swift; sourceTree = "<group>"; };
		A20DF25D1BFD59D200515C76 /* ListDetailViewController.swift */ = {isa = PBXFileReference; fileEncoding = 4; lastKnownFileType = sourcecode.swift; path = ListDetailViewController.swift; sourceTree = "<group>"; };
		A20DF2611BFD870600515C76 /* Assets.xcassets */ = {isa = PBXFileReference; lastKnownFileType = folder.assetcatalog; path = Assets.xcassets; sourceTree = "<group>"; };
		A20DF2631BFDC66000515C76 /* DataModel.swift */ = {isa = PBXFileReference; fileEncoding = 4; lastKnownFileType = sourcecode.swift; path = DataModel.swift; sourceTree = "<group>"; };
		A20DF2651BFEE7A100515C76 /* IconPickerViewController.swift */ = {isa = PBXFileReference; fileEncoding = 4; lastKnownFileType = sourcecode.swift; path = IconPickerViewController.swift; sourceTree = "<group>"; };
		A20DF2691C003A0E00515C76 /* Main.storyboard */ = {isa = PBXFileReference; fileEncoding = 4; lastKnownFileType = file.storyboard; path = Main.storyboard; sourceTree = "<group>"; };
/* End PBXFileReference section */

/* Begin PBXFrameworksBuildPhase section */
		A20DF2391BFAD6E100515C76 /* Frameworks */ = {
			isa = PBXFrameworksBuildPhase;
			buildActionMask = 2147483647;
			files = (
			);
			runOnlyForDeploymentPostprocessing = 0;
		};
/* End PBXFrameworksBuildPhase section */

/* Begin PBXGroup section */
		A20DF2331BFAD6E100515C76 = {
			isa = PBXGroup;
			children = (
				A20DF23E1BFAD6E100515C76 /* TechbbowA2CheckLists */,
				A20DF23D1BFAD6E100515C76 /* Products */,
			);
			sourceTree = "<group>";
		};
		A20DF23D1BFAD6E100515C76 /* Products */ = {
			isa = PBXGroup;
			children = (
				A20DF23C1BFAD6E100515C76 /* TechbbowA2CheckLists.app */,
			);
			name = Products;
			sourceTree = "<group>";
		};
		A20DF23E1BFAD6E100515C76 /* TechbbowA2CheckLists */ = {
			isa = PBXGroup;
			children = (
				A20DF23F1BFAD6E100515C76 /* AppDelegate.swift */,
				A20DF2411BFAD6E100515C76 /* ChecklistViewController.swift */,
				A20DF2571BFC258500515C76 /* ItemDetailViewController.swift */,
				A20DF2591BFD46C400515C76 /* AllListsViewController.swift */,
				A20DF25D1BFD59D200515C76 /* ListDetailViewController.swift */,
				A20DF2651BFEE7A100515C76 /* IconPickerViewController.swift */,
				A20DF2531BFB082C00515C76 /* ChecklistItem.swift */,
				A20DF25B1BFD4FFE00515C76 /* Checklist.swift */,
				A20DF2631BFDC66000515C76 /* DataModel.swift */,
				A20DF2691C003A0E00515C76 /* Main.storyboard */,
				A20DF2611BFD870600515C76 /* Assets.xcassets */,
				A20DF24B1BFAD6E100515C76 /* Info.plist */,
			);
			path = TechbbowA2CheckLists;
			sourceTree = "<group>";
		};
/* End PBXGroup section */

/* Begin PBXNativeTarget section */
		A20DF23B1BFAD6E100515C76 /* TechbbowA2CheckLists */ = {
			isa = PBXNativeTarget;
			buildConfigurationList = A20DF24E1BFAD6E100515C76 /* Build configuration list for PBXNativeTarget "TechbbowA2CheckLists" */;
			buildPhases = (
				A20DF2381BFAD6E100515C76 /* Sources */,
				A20DF2391BFAD6E100515C76 /* Frameworks */,
				A20DF23A1BFAD6E100515C76 /* Resources */,
			);
			buildRules = (
			);
			dependencies = (
			);
			name = TechbbowA2CheckLists;
			productName = TechbbowA2CheckLists;
			productReference = A20DF23C1BFAD6E100515C76 /* TechbbowA2CheckLists.app */;
			productType = "com.apple.product-type.application";
		};
/* End PBXNativeTarget section */

/* Begin PBXProject section */
		A20DF2341BFAD6E100515C76 /* Project object */ = {
			isa = PBXProject;
			attributes = {
				LastSwiftUpdateCheck = 0710;
				LastUpgradeCheck = 0710;
				ORGANIZATIONNAME = ZhangZehua;
				TargetAttributes = {
					A20DF23B1BFAD6E100515C76 = {
						CreatedOnToolsVersion = 7.1;
					};
				};
			};
			buildConfigurationList = A20DF2371BFAD6E100515C76 /* Build configuration list for PBXProject "TechbbowA2CheckLists" */;
			compatibilityVersion = "Xcode 3.2";
			developmentRegion = English;
			hasScannedForEncodings = 0;
			knownRegions = (
				en,
				Base,
			);
			mainGroup = A20DF2331BFAD6E100515C76;
			productRefGroup = A20DF23D1BFAD6E100515C76 /* Products */;
			projectDirPath = "";
			projectRoot = "";
			targets = (
				A20DF23B1BFAD6E100515C76 /* TechbbowA2CheckLists */,
			);
		};
/* End PBXProject section */

/* Begin PBXResourcesBuildPhase section */
		A20DF23A1BFAD6E100515C76 /* Resources */ = {
			isa = PBXResourcesBuildPhase;
			buildActionMask = 2147483647;
			files = (
				A20DF2621BFD870600515C76 /* Assets.xcassets in Resources */,
				A20DF26A1C003A0E00515C76 /* Main.storyboard in Resources */,
			);
			runOnlyForDeploymentPostprocessing = 0;
		};
/* End PBXResourcesBuildPhase section */

/* Begin PBXSourcesBuildPhase section */
		A20DF2381BFAD6E100515C76 /* Sources */ = {
			isa = PBXSourcesBuildPhase;
			buildActionMask = 2147483647;
			files = (
				A20DF2421BFAD6E100515C76 /* ChecklistViewController.swift in Sources */,
				A20DF25E1BFD59D200515C76 /* ListDetailViewController.swift in Sources */,
				A20DF2581BFC258500515C76 /* ItemDetailViewController.swift in Sources */,
				A20DF2661BFEE7A100515C76 /* IconPickerViewController.swift in Sources */,
				A20DF25C1BFD4FFE00515C76 /* Checklist.swift in Sources */,
				A20DF2401BFAD6E100515C76 /* AppDelegate.swift in Sources */,
				A20DF2641BFDC66000515C76 /* DataModel.swift in Sources */,
				A20DF25A1BFD46C400515C76 /* AllListsViewController.swift in Sources */,
				A20DF2541BFB082C00515C76 /* ChecklistItem.swift in Sources */,
			);
			runOnlyForDeploymentPostprocessing = 0;
		};
/* End PBXSourcesBuildPhase section */

/* Begin XCBuildConfiguration section */
		A20DF24C1BFAD6E100515C76 /* Debug */ = {
			isa = XCBuildConfiguration;
			buildSettings = {
				ALWAYS_SEARCH_USER_PATHS = NO;
				CLANG_CXX_LANGUAGE_STANDARD = "gnu++0x";
				CLANG_CXX_LIBRARY = "libc++";
				CLANG_ENABLE_MODULES = YES;
				CLANG_ENABLE_OBJC_ARC = YES;
				CLANG_WARN_BOOL_CONVERSION = YES;
				CLANG_WARN_CONSTANT_CONVERSION = YES;
				CLANG_WARN_DIRECT_OBJC_ISA_USAGE = YES_ERROR;
				CLANG_WARN_EMPTY_BODY = YES;
				CLANG_WARN_ENUM_CONVERSION = YES;
				CLANG_WARN_INT_CONVERSION = YES;
				CLANG_WARN_OBJC_ROOT_CLASS = YES_ERROR;
				CLANG_WARN_UNREACHABLE_CODE = YES;
				CLANG_WARN__DUPLICATE_METHOD_MATCH = YES;
				"CODE_SIGN_IDENTITY[sdk=iphoneos*]" = "iPhone Developer";
				COPY_PHASE_STRIP = NO;
				DEBUG_INFORMATION_FORMAT = dwarf;
				ENABLE_STRICT_OBJC_MSGSEND = YES;
				ENABLE_TESTABILITY = YES;
				GCC_C_LANGUAGE_STANDARD = gnu99;
				GCC_DYNAMIC_NO_PIC = NO;
				GCC_NO_COMMON_BLOCKS = YES;
				GCC_OPTIMIZATION_LEVEL = 0;
				GCC_PREPROCESSOR_DEFINITIONS = (
					"DEBUG=1",
					"$(inherited)",
				);
				GCC_WARN_64_TO_32_BIT_CONVERSION = YES;
				GCC_WARN_ABOUT_RETURN_TYPE = YES_ERROR;
				GCC_WARN_UNDECLARED_SELECTOR = YES;
				GCC_WARN_UNINITIALIZED_AUTOS = YES_AGGRESSIVE;
				GCC_WARN_UNUSED_FUNCTION = YES;
				GCC_WARN_UNUSED_VARIABLE = YES;
				IPHONEOS_DEPLOYMENT_TARGET = 9.1;
				MTL_ENABLE_DEBUG_INFO = YES;
				ONLY_ACTIVE_ARCH = YES;
				SDKROOT = iphoneos;
				SWIFT_OPTIMIZATION_LEVEL = "-Onone";
			};
			name = Debug;
		};
		A20DF24D1BFAD6E100515C76 /* Release */ = {
			isa = XCBuildConfiguration;
			buildSettings = {
				ALWAYS_SEARCH_USER_PATHS = NO;
				CLANG_CXX_LANGUAGE_STANDARD = "gnu++0x";
				CLANG_CXX_LIBRARY = "libc++";
				CLANG_ENABLE_MODULES = YES;
				CLANG_ENABLE_OBJC_ARC = YES;
				CLANG_WARN_BOOL_CONVERSION = YES;
				CLANG_WARN_CONSTANT_CONVERSION = YES;
				CLANG_WARN_DIRECT_OBJC_ISA_USAGE = YES_ERROR;
				CLANG_WARN_EMPTY_BODY = YES;
				CLANG_WARN_ENUM_CONVERSION = YES;
				CLANG_WARN_INT_CONVERSION = YES;
				CLANG_WARN_OBJC_ROOT_CLASS = YES_ERROR;
				CLANG_WARN_UNREACHABLE_CODE = YES;
				CLANG_WARN__DUPLICATE_METHOD_MATCH = YES;
				"CODE_SIGN_IDENTITY[sdk=iphoneos*]" = "iPhone Developer";
				COPY_PHASE_STRIP = NO;
				DEBUG_INFORMATION_FORMAT = "dwarf-with-dsym";
				ENABLE_NS_ASSERTIONS = NO;
				ENABLE_STRICT_OBJC_MSGSEND = YES;
				GCC_C_LANGUAGE_STANDARD = gnu99;
				GCC_NO_COMMON_BLOCKS = YES;
				GCC_WARN_64_TO_32_BIT_CONVERSION = YES;
				GCC_WARN_ABOUT_RETURN_TYPE = YES_ERROR;
				GCC_WARN_UNDECLARED_SELECTOR = YES;
				GCC_WARN_UNINITIALIZED_AUTOS = YES_AGGRESSIVE;
				GCC_WARN_UNUSED_FUNCTION = YES;
				GCC_WARN_UNUSED_VARIABLE = YES;
				IPHONEOS_DEPLOYMENT_TARGET = 9.1;
				MTL_ENABLE_DEBUG_INFO = NO;
				SDKROOT = iphoneos;
				VALIDATE_PRODUCT = YES;
			};
			name = Release;
		};
		A20DF24F1BFAD6E100515C76 /* Debug */ = {
			isa = XCBuildConfiguration;
			buildSettings = {
				ASSETCATALOG_COMPILER_APPICON_NAME = AppIcon;
				INFOPLIST_FILE = TechbbowA2CheckLists/Info.plist;
				LD_RUNPATH_SEARCH_PATHS = "$(inherited) @executable_path/Frameworks";
				PRODUCT_BUNDLE_IDENTIFIER = zhangzehua.TechbbowA2CheckLists;
				PRODUCT_NAME = "$(TARGET_NAME)";
			};
			name = Debug;
		};
		A20DF2501BFAD6E100515C76 /* Release */ = {
			isa = XCBuildConfiguration;
			buildSettings = {
				ASSETCATALOG_COMPILER_APPICON_NAME = AppIcon;
				INFOPLIST_FILE = TechbbowA2CheckLists/Info.plist;
				LD_RUNPATH_SEARCH_PATHS = "$(inherited) @executable_path/Frameworks";
				PRODUCT_BUNDLE_IDENTIFIER = zhangzehua.TechbbowA2CheckLists;
				PRODUCT_NAME = "$(TARGET_NAME)";
			};
			name = Release;
		};
/* End XCBuildConfiguration section */

/* Begin XCConfigurationList section */
		A20DF2371BFAD6E100515C76 /* Build configuration list for PBXProject "TechbbowA2CheckLists" */ = {
			isa = XCConfigurationList;
			buildConfigurations = (
				A20DF24C1BFAD6E100515C76 /* Debug */,
				A20DF24D1BFAD6E100515C76 /* Release */,
			);
			defaultConfigurationIsVisible = 0;
			defaultConfigurationName = Release;
		};
		A20DF24E1BFAD6E100515C76 /* Build configuration list for PBXNativeTarget "TechbbowA2CheckLists" */ = {
			isa = XCConfigurationList;
			buildConfigurations = (
				A20DF24F1BFAD6E100515C76 /* Debug */,
				A20DF2501BFAD6E100515C76 /* Release */,
			);
			defaultConfigurationIsVisible = 0;
			defaultConfigurationName = Release;
		};
/* End XCConfigurationList section */
	};
	rootObject = A20DF2341BFAD6E100515C76 /* Project object */;
}
